{
	"name": "archil-cache-expiry-repro",
	"lockfileVersion": 3,
	"requires": true,
	"packages": {
		"": {
			"name": "archil-cache-expiry-repro",
			"dependencies": {
				"@archildata/native": "0.8.35"
			},
			"engines": {
				"node": ">=22"
			}
		},
		"node_modules/@archildata/native": {
			"version": "0.8.35",
			"resolved": "https://registry.npmjs.org/@archildata/native/-/native-0.8.35.tgz",
			"integrity": "sha512-aSvfYphf8nnMCdX43l8yvRutWf72PWLzU4aPn9My1VVtdUtgF2iCXklF6Bc7Xy3ZBKDYXBW2nUTqiyikIiU0bQ==",
			"license": "MIT",
			"engines": {
				"node": ">= 22"
			}
		}
	}
}
